{
  "name": "process-flow-geometry-js",
  "version": "0.1.0",
  "lockfileVersion": 3,
  "requires": true,
  "packages": {
    "": {
      "name": "process-flow-geometry-js",
      "version": "0.1.0",
      "dependencies": {
        "opencascade.js": "beta"
      },
      "engines": {
        "node": ">=20"
      }
    },
    "node_modules/opencascade.js": {
      "version": "2.0.0-beta.b5ff984",
      "resolved": "https://registry.npmjs.org/opencascade.js/-/opencascade.js-2.0.0-beta.b5ff984.tgz",
      "integrity": "sha512-4ZIrYrfrCV7SXvQFSmbHlfueSYngQNWGVrRVloVaAEZHDSY+R1k2htdY4AU5axbIGkbWVmrj+M8nmyeMLAelwA==",
      "license": "LGPL-2.1-only",
      "peerDependencies": {
        "ws": "^8.5.0"
      }
    },
    "node_modules/ws": {
      "version": "8.21.0",
      "resolved": "https://registry.npmjs.org/ws/-/ws-8.21.0.tgz",
      "integrity": "sha512-Vsp28b7DRcimFQvrqu2Wek3z1iYxDCWqHYB8Qsnk/S4RfaCQzPGPyBNuVjJV3cd6UiKtUtp6sNM77gWvzcCH+g==",
      "license": "MIT",
      "peer": true,
      "engines": {
        "node": ">=10.0.0"
      },
      "peerDependencies": {
        "bufferutil": "^4.0.1",
        "utf-8-validate": ">=5.0.2"
      },
      "peerDependenciesMeta": {
        "bufferutil": {
          "optional": true
        },
        "utf-8-validate": {
          "optional": true
        }
      }
    }
  }
}
